
Microsoft Visual Studio Solution File, Format Version 12.00
# Visual Studio 2012
Project("{FAE04EC0-301F-11D3-BF4B-00C04F79EFBC}") = "Hippie.NET40", "Hippie\Hippie.NET40.csproj", "{12ED0C29-A453-4EBB-B798-BFCD1F182469}"
EndProject
Project("{FAE04EC0-301F-11D3-BF4B-00C04F79EFBC}") = "Hippie.Tests.NET40", "Hippie.Tests\Hippie.Tests.NET40.csproj", "{665163FD-E06A-4E21-901D-D8F141B0B91F}"
EndProject
Project("{FAE04EC0-301F-11D3-BF4B-00C04F79EFBC}") = "Hippie.Packager", "Hippie.Packager\Hippie.Packager.csproj", "{9EA2A355-02C3-404C-BF67-2EC63866A0CD}"
EndProject
Project("{FAE04EC0-301F-11D3-BF4B-00C04F79EFBC}") = "Hippie.Packager.Unchecked", "Hippie.Packager.Unchecked\Hippie.Packager.Unchecked.csproj", "{5970BB0E-5324-40D5-8ABD-D7469427813A}"
EndProject
Global
	GlobalSection(SolutionConfigurationPlatforms) = preSolution
		Debug|Any CPU = Debug|Any CPU
		Release.Unchecked|Any CPU = Release.Unchecked|Any CPU
		Release|Any CPU = Release|Any CPU
	EndGlobalSection
	GlobalSection(ProjectConfigurationPlatforms) = postSolution
		{12ED0C29-A453-4EBB-B798-BFCD1F182469}.Debug|Any CPU.ActiveCfg = Debug|Any CPU
		{12ED0C29-A453-4EBB-B798-BFCD1F182469}.Debug|Any CPU.Build.0 = Debug|Any CPU
		{12ED0C29-A453-4EBB-B798-BFCD1F182469}.Release.Unchecked|Any CPU.ActiveCfg = Release.Unchecked|Any CPU
		{12ED0C29-A453-4EBB-B798-BFCD1F182469}.Release.Unchecked|Any CPU.Build.0 = Release.Unchecked|Any CPU
		{12ED0C29-A453-4EBB-B798-BFCD1F182469}.Release|Any CPU.ActiveCfg = Release|Any CPU
		{12ED0C29-A453-4EBB-B798-BFCD1F182469}.Release|Any CPU.Build.0 = Release|Any CPU
		{665163FD-E06A-4E21-901D-D8F141B0B91F}.Debug|Any CPU.ActiveCfg = Debug|Any CPU
		{665163FD-E06A-4E21-901D-D8F141B0B91F}.Debug|Any CPU.Build.0 = Debug|Any CPU
		{665163FD-E06A-4E21-901D-D8F141B0B91F}.Release.Unchecked|Any CPU.ActiveCfg = Release|Any CPU
		{665163FD-E06A-4E21-901D-D8F141B0B91F}.Release|Any CPU.ActiveCfg = Release|Any CPU
		{665163FD-E06A-4E21-901D-D8F141B0B91F}.Release|Any CPU.Build.0 = Release|Any CPU
		{9EA2A355-02C3-404C-BF67-2EC63866A0CD}.Debug|Any CPU.ActiveCfg = Debug|Any CPU
		{9EA2A355-02C3-404C-BF67-2EC63866A0CD}.Release.Unchecked|Any CPU.ActiveCfg = Debug|Any CPU
		{9EA2A355-02C3-404C-BF67-2EC63866A0CD}.Release|Any CPU.ActiveCfg = Debug|Any CPU
		{5970BB0E-5324-40D5-8ABD-D7469427813A}.Debug|Any CPU.ActiveCfg = Debug|Any CPU
		{5970BB0E-5324-40D5-8ABD-D7469427813A}.Release.Unchecked|Any CPU.ActiveCfg = Debug|Any CPU
		{5970BB0E-5324-40D5-8ABD-D7469427813A}.Release|Any CPU.ActiveCfg = Debug|Any CPU
	EndGlobalSection
	GlobalSection(SolutionProperties) = preSolution
		HideSolutionNode = FALSE
	EndGlobalSection
	GlobalSection(MonoDevelopProperties) = preSolution
		StartupItem = Hippie.Examples\Hippie.Examples.csproj
		Policies = $0
		$0.TextStylePolicy = $1
		$1.FileWidth = 120
		$1.TabsToSpaces = False
		$1.inheritsSet = VisualStudio
		$1.inheritsScope = text/plain
		version = 0.9.1
	EndGlobalSection
EndGlobal
